
Microsoft Visual Studio Solution File, Format Version 12.00
# Visual Studio 15
VisualStudioVersion = 15.0.28010.2036
MinimumVisualStudioVersion = 10.0.40219.1
Project("{FAE04EC0-301F-11D3-BF4B-00C04F79EFBC}") = "XFMasterDetail.Android", "XFMasterDetail\XFMasterDetail.Android\XFMasterDetail.Android.csproj", "{558E7D15-0F91-487F-B827-16DF4AD64EB2}"
EndProject
Project("{FAE04EC0-301F-11D3-BF4B-00C04F79EFBC}") = "XFMasterDetail.iOS", "XFMasterDetail\XFMasterDetail.iOS\XFMasterDetail.iOS.csproj", "{666724E8-3339-484A-90AF-D97ADFCF4194}"
EndProject
Project("{FAE04EC0-301F-11D3-BF4B-00C04F79EFBC}") = "XFMasterDetail", "XFMasterDetail\XFMasterDetail\XFMasterDetail.csproj", "{5BF82618-96BF-4D49-8EC9-B11670A9724C}"
EndProject
Global
	GlobalSection(SolutionConfigurationPlatforms) = preSolution
		Ad-Hoc|Any CPU = Ad-Hoc|Any CPU
		Ad-Hoc|iPhone = Ad-Hoc|iPhone
		Ad-Hoc|iPhoneSimulator = Ad-Hoc|iPhoneSimulator
		AppStore|Any CPU = AppStore|Any CPU
		AppStore|iPhone = AppStore|iPhone
		AppStore|iPhoneSimulator = AppStore|iPhoneSimulator
		Debug|Any CPU = Debug|Any CPU
		Debug|iPhone = Debug|iPhone
		Debug|iPhoneSimulator = Debug|iPhoneSimulator
		Release|Any CPU = Release|Any CPU
		Release|iPhone = Release|iPhone
		Release|iPhoneSimulator = Release|iPhoneSimulator
	EndGlobalSection
	GlobalSection(ProjectConfigurationPlatforms) = postSolution
		{558E7D15-0F91-487F-B827-16DF4AD64EB2}.Ad-Hoc|Any CPU.ActiveCfg = Release|Any CPU
		{558E7D15-0F91-487F-B827-16DF4AD64EB2}.Ad-Hoc|Any CPU.Build.0 = Release|Any CPU
		{558E7D15-0F91-487F-B827-16DF4AD64EB2}.Ad-Hoc|Any CPU.Deploy.0 = Release|Any CPU
		{558E7D15-0F91-487F-B827-16DF4AD64EB2}.Ad-Hoc|iPhone.ActiveCfg = Release|Any CPU
		{558E7D15-0F91-487F-B827-16DF4AD64EB2}.Ad-Hoc|iPhone.Build.0 = Release|Any CPU
		{558E7D15-0F91-487F-B827-16DF4AD64EB2}.Ad-Hoc|iPhone.Deploy.0 = Release|Any CPU
		{558E7D15-0F91-487F-B827-16DF4AD64EB2}.Ad-Hoc|iPhoneSimulator.ActiveCfg = Release|Any CPU
		{558E7D15-0F91-487F-B827-16DF4AD64EB2}.Ad-Hoc|iPhoneSimulator.Build.0 = Release|Any CPU
		{558E7D15-0F91-487F-B827-16DF4AD64EB2}.Ad-Hoc|iPhoneSimulator.Deploy.0 = Release|Any CPU
		{558E7D15-0F91-487F-B827-16DF4AD64EB2}.AppStore|Any CPU.ActiveCfg = Release|Any CPU
		{558E7D15-0F91-487F-B827-16DF4AD64EB2}.AppStore|Any CPU.Build.0 = Release|Any CPU
		{558E7D15-0F91-487F-B827-16DF4AD64EB2}.AppStore|Any CPU.Deploy.0 = Release|Any CPU
		{558E7D15-0F91-487F-B827-16DF4AD64EB2}.AppStore|iPhone.ActiveCfg = Release|Any CPU
		{558E7D15-0F91-487F-B827-16DF4AD64EB2}.AppStore|iPhone.Build.0 = Release|Any CPU
		{558E7D15-0F91-487F-B827-16DF4AD64EB2}.AppStore|iPhone.Deploy.0 = Release|Any CPU
		{558E7D15-0F91-487F-B827-16DF4AD64EB2}.AppStore|iPhoneSimulator.ActiveCfg = Release|Any CPU
		{558E7D15-0F91-487F-B827-16DF4AD64EB2}.AppStore|iPhoneSimulator.Build.0 = Release|Any CPU
		{558E7D15-0F91-487F-B827-16DF4AD64EB2}.AppStore|iPhoneSimulator.Deploy.0 = Release|Any CPU
		{558E7D15-0F91-487F-B827-16DF4AD64EB2}.Debug|Any CPU.ActiveCfg = Debug|Any CPU
		{558E7D15-0F91-487F-B827-16DF4AD64EB2}.Debug|Any CPU.Build.0 = Debug|Any CPU
		{558E7D15-0F91-487F-B827-16DF4AD64EB2}.Debug|Any CPU.Deploy.0 = Debug|Any CPU
		{558E7D15-0F91-487F-B827-16DF4AD64EB2}.Debug|iPhone.ActiveCfg = Debug|Any CPU
		{558E7D15-0F91-487F-B827-16DF4AD64EB2}.Debug|iPhone.Build.0 = Debug|Any CPU
		{558E7D15-0F91-487F-B827-16DF4AD64EB2}.Debug|iPhone.Deploy.0 = Debug|Any CPU
		{558E7D15-0F91-487F-B827-16DF4AD64EB2}.Debug|iPhoneSimulator.ActiveCfg = Debug|Any CPU
		{558E7D15-0F91-487F-B827-16DF4AD64EB2}.Debug|iPhoneSimulator.Build.0 = Debug|Any CPU
		{558E7D15-0F91-487F-B827-16DF4AD64EB2}.Debug|iPhoneSimulator.Deploy.0 = Debug|Any CPU
		{558E7D15-0F91-487F-B827-16DF4AD64EB2}.Release|Any CPU.ActiveCfg = Release|Any CPU
		{558E7D15-0F91-487F-B827-16DF4AD64EB2}.Release|Any CPU.Build.0 = Release|Any CPU
		{558E7D15-0F91-487F-B827-16DF4AD64EB2}.Release|Any CPU.Deploy.0 = Release|Any CPU
		{558E7D15-0F91-487F-B827-16DF4AD64EB2}.Release|iPhone.ActiveCfg = Release|Any CPU
		{558E7D15-0F91-487F-B827-16DF4AD64EB2}.Release|iPhone.Build.0 = Release|Any CPU
		{558E7D15-0F91-487F-B827-16DF4AD64EB2}.Release|iPhone.Deploy.0 = Release|Any CPU
		{558E7D15-0F91-487F-B827-16DF4AD64EB2}.Release|iPhoneSimulator.ActiveCfg = Release|Any CPU
		{558E7D15-0F91-487F-B827-16DF4AD64EB2}.Release|iPhoneSimulator.Build.0 = Release|Any CPU
		{558E7D15-0F91-487F-B827-16DF4AD64EB2}.Release|iPhoneSimulator.Deploy.0 = Release|Any CPU
		{666724E8-3339-484A-90AF-D97ADFCF4194}.Ad-Hoc|Any CPU.ActiveCfg = Ad-Hoc|iPhone
		{666724E8-3339-484A-90AF-D97ADFCF4194}.Ad-Hoc|Any CPU.Build.0 = Ad-Hoc|iPhone
		{666724E8-3339-484A-90AF-D97ADFCF4194}.Ad-Hoc|Any CPU.Deploy.0 = Ad-Hoc|iPhone
		{666724E8-3339-484A-90AF-D97ADFCF4194}.Ad-Hoc|iPhone.ActiveCfg = Ad-Hoc|iPhone
		{666724E8-3339-484A-90AF-D97ADFCF4194}.Ad-Hoc|iPhone.Build.0 = Ad-Hoc|iPhone
		{666724E8-3339-484A-90AF-D97ADFCF4194}.Ad-Hoc|iPhone.Deploy.0 = Ad-Hoc|iPhone
		{666724E8-3339-484A-90AF-D97ADFCF4194}.Ad-Hoc|iPhoneSimulator.ActiveCfg = Ad-Hoc|iPhoneSimulator
		{666724E8-3339-484A-90AF-D97ADFCF4194}.Ad-Hoc|iPhoneSimulator.Build.0 = Ad-Hoc|iPhoneSimulator
		{666724E8-3339-484A-90AF-D97ADFCF4194}.Ad-Hoc|iPhoneSimulator.Deploy.0 = Ad-Hoc|iPhoneSimulator
		{666724E8-3339-484A-90AF-D97ADFCF4194}.AppStore|Any CPU.ActiveCfg = AppStore|iPhone
		{666724E8-3339-484A-90AF-D97ADFCF4194}.AppStore|Any CPU.Build.0 = AppStore|iPhone
		{666724E8-3339-484A-90AF-D97ADFCF4194}.AppStore|Any CPU.Deploy.0 = AppStore|iPhone
		{666724E8-3339-484A-90AF-D97ADFCF4194}.AppStore|iPhone.ActiveCfg = AppStore|iPhone
		{666724E8-3339-484A-90AF-D97ADFCF4194}.AppStore|iPhone.Build.0 = AppStore|iPhone
		{666724E8-3339-484A-90AF-D97ADFCF4194}.AppStore|iPhone.Deploy.0 = AppStore|iPhone
		{666724E8-3339-484A-90AF-D97ADFCF4194}.AppStore|iPhoneSimulator.ActiveCfg = AppStore|iPhoneSimulator
		{666724E8-3339-484A-90AF-D97ADFCF4194}.AppStore|iPhoneSimulator.Build.0 = AppStore|iPhoneSimulator
		{666724E8-3339-484A-90AF-D97ADFCF4194}.AppStore|iPhoneSimulator.Deploy.0 = AppStore|iPhoneSimulator
		{666724E8-3339-484A-90AF-D97ADFCF4194}.Debug|Any CPU.ActiveCfg = Debug|iPhoneSimulator
		{666724E8-3339-484A-90AF-D97ADFCF4194}.Debug|Any CPU.Build.0 = Debug|iPhoneSimulator
		{666724E8-3339-484A-90AF-D97ADFCF4194}.Debug|Any CPU.Deploy.0 = Debug|iPhoneSimulator
		{666724E8-3339-484A-90AF-D97ADFCF4194}.Debug|iPhone.ActiveCfg = Debug|iPhone
		{666724E8-3339-484A-90AF-D97ADFCF4194}.Debug|iPhone.Build.0 = Debug|iPhone
		{666724E8-3339-484A-90AF-D97ADFCF4194}.Debug|iPhone.Deploy.0 = Debug|iPhone
		{666724E8-3339-484A-90AF-D97ADFCF4194}.Debug|iPhoneSimulator.ActiveCfg = Debug|iPhoneSimulator
		{666724E8-3339-484A-90AF-D97ADFCF4194}.Debug|iPhoneSimulator.Build.0 = Debug|iPhoneSimulator
		{666724E8-3339-484A-90AF-D97ADFCF4194}.Debug|iPhoneSimulator.Deploy.0 = Debug|iPhoneSimulator
		{666724E8-3339-484A-90AF-D97ADFCF4194}.Release|Any CPU.ActiveCfg = Release|iPhone
		{666724E8-3339-484A-90AF-D97ADFCF4194}.Release|Any CPU.Build.0 = Release|iPhone
		{666724E8-3339-484A-90AF-D97ADFCF4194}.Release|Any CPU.Deploy.0 = Release|iPhone
		{666724E8-3339-484A-90AF-D97ADFCF4194}.Release|iPhone.ActiveCfg = Release|iPhone
		{666724E8-3339-484A-90AF-D97ADFCF4194}.Release|iPhone.Build.0 = Release|iPhone
		{666724E8-3339-484A-90AF-D97ADFCF4194}.Release|iPhone.Deploy.0 = Release|iPhone
		{666724E8-3339-484A-90AF-D97ADFCF4194}.Release|iPhoneSimulator.ActiveCfg = Release|iPhoneSimulator
		{666724E8-3339-484A-90AF-D97ADFCF4194}.Release|iPhoneSimulator.Build.0 = Release|iPhoneSimulator
		{666724E8-3339-484A-90AF-D97ADFCF4194}.Release|iPhoneSimulator.Deploy.0 = Release|iPhoneSimulator
		{5BF82618-96BF-4D49-8EC9-B11670A9724C}.Ad-Hoc|Any CPU.ActiveCfg = Debug|Any CPU
		{5BF82618-96BF-4D49-8EC9-B11670A9724C}.Ad-Hoc|Any CPU.Build.0 = Debug|Any CPU
		{5BF82618-96BF-4D49-8EC9-B11670A9724C}.Ad-Hoc|Any CPU.Deploy.0 = Debug|Any CPU
		{5BF82618-96BF-4D49-8EC9-B11670A9724C}.Ad-Hoc|iPhone.ActiveCfg = Debug|Any CPU
		{5BF82618-96BF-4D49-8EC9-B11670A9724C}.Ad-Hoc|iPhone.Build.0 = Debug|Any CPU
		{5BF82618-96BF-4D49-8EC9-B11670A9724C}.Ad-Hoc|iPhone.Deploy.0 = Debug|Any CPU
		{5BF82618-96BF-4D49-8EC9-B11670A9724C}.Ad-Hoc|iPhoneSimulator.ActiveCfg = Debug|Any CPU
		{5BF82618-96BF-4D49-8EC9-B11670A9724C}.Ad-Hoc|iPhoneSimulator.Build.0 = Debug|Any CPU
		{5BF82618-96BF-4D49-8EC9-B11670A9724C}.Ad-Hoc|iPhoneSimulator.Deploy.0 = Debug|Any CPU
		{5BF82618-96BF-4D49-8EC9-B11670A9724C}.AppStore|Any CPU.ActiveCfg = Debug|Any CPU
		{5BF82618-96BF-4D49-8EC9-B11670A9724C}.AppStore|Any CPU.Build.0 = Debug|Any CPU
		{5BF82618-96BF-4D49-8EC9-B11670A9724C}.AppStore|Any CPU.Deploy.0 = Debug|Any CPU
		{5BF82618-96BF-4D49-8EC9-B11670A9724C}.AppStore|iPhone.ActiveCfg = Debug|Any CPU
		{5BF82618-96BF-4D49-8EC9-B11670A9724C}.AppStore|iPhone.Build.0 = Debug|Any CPU
		{5BF82618-96BF-4D49-8EC9-B11670A9724C}.AppStore|iPhone.Deploy.0 = Debug|Any CPU
		{5BF82618-96BF-4D49-8EC9-B11670A9724C}.AppStore|iPhoneSimulator.ActiveCfg = Debug|Any CPU
		{5BF82618-96BF-4D49-8EC9-B11670A9724C}.AppStore|iPhoneSimulator.Build.0 = Debug|Any CPU
		{5BF82618-96BF-4D49-8EC9-B11670A9724C}.AppStore|iPhoneSimulator.Deploy.0 = Debug|Any CPU
		{5BF82618-96BF-4D49-8EC9-B11670A9724C}.Debug|Any CPU.ActiveCfg = Debug|Any CPU
		{5BF82618-96BF-4D49-8EC9-B11670A9724C}.Debug|Any CPU.Build.0 = Debug|Any CPU
		{5BF82618-96BF-4D49-8EC9-B11670A9724C}.Debug|Any CPU.Deploy.0 = Debug|Any CPU
		{5BF82618-96BF-4D49-8EC9-B11670A9724C}.Debug|iPhone.ActiveCfg = Debug|Any CPU
		{5BF82618-96BF-4D49-8EC9-B11670A9724C}.Debug|iPhone.Build.0 = Debug|Any CPU
		{5BF82618-96BF-4D49-8EC9-B11670A9724C}.Debug|iPhone.Deploy.0 = Debug|Any CPU
		{5BF82618-96BF-4D49-8EC9-B11670A9724C}.Debug|iPhoneSimulator.ActiveCfg = Debug|Any CPU
		{5BF82618-96BF-4D49-8EC9-B11670A9724C}.Debug|iPhoneSimulator.Build.0 = Debug|Any CPU
		{5BF82618-96BF-4D49-8EC9-B11670A9724C}.Debug|iPhoneSimulator.Deploy.0 = Debug|Any CPU
		{5BF82618-96BF-4D49-8EC9-B11670A9724C}.Release|Any CPU.ActiveCfg = Release|Any CPU
		{5BF82618-96BF-4D49-8EC9-B11670A9724C}.Release|Any CPU.Build.0 = Release|Any CPU
		{5BF82618-96BF-4D49-8EC9-B11670A9724C}.Release|Any CPU.Deploy.0 = Release|Any CPU
		{5BF82618-96BF-4D49-8EC9-B11670A9724C}.Release|iPhone.ActiveCfg = Release|Any CPU
		{5BF82618-96BF-4D49-8EC9-B11670A9724C}.Release|iPhone.Build.0 = Release|Any CPU
		{5BF82618-96BF-4D49-8EC9-B11670A9724C}.Release|iPhone.Deploy.0 = Release|Any CPU
		{5BF82618-96BF-4D49-8EC9-B11670A9724C}.Release|iPhoneSimulator.ActiveCfg = Release|Any CPU
		{5BF82618-96BF-4D49-8EC9-B11670A9724C}.Release|iPhoneSimulator.Build.0 = Release|Any CPU
		{5BF82618-96BF-4D49-8EC9-B11670A9724C}.Release|iPhoneSimulator.Deploy.0 = Release|Any CPU
	EndGlobalSection
	GlobalSection(SolutionProperties) = preSolution
		HideSolutionNode = FALSE
	EndGlobalSection
	GlobalSection(ExtensibilityGlobals) = postSolution
		SolutionGuid = {5D1A1EC0-D73D-4A2F-A8E2-4D912073A183}
	EndGlobalSection
EndGlobal
